{
    "_readme": [
        "This file locks the dependencies of your project to a known state",
        "Read more about it at https://getcomposer.org/doc/01-basic-usage.md#installing-dependencies",
        "This file is @generated automatically"
    ],
    "content-hash": "3dba89dce0391083bd3032c313f471d5",
    "packages": [
        {
            "name": "composer/installers",
            "version": "v2.1.1",
            "source": {
                "type": "git",
                "url": "https://github.com/composer/installers.git",
                "reference": "af93ba6e52236418f07a278033eba6959ee5b983"
            },
            "dist": {
                "type": "zip",
                "url": "https://api.github.com/repos/composer/installers/zipball/af93ba6e52236418f07a278033eba6959ee5b983",
                "reference": "af93ba6e52236418f07a278033eba6959ee5b983",
                "shasum": ""
            },
            "require": {
                "composer-plugin-api": "^1.0 || ^2.0",
                "php": "^7.2 || ^8.0"
            },
            "require-dev": {
                "composer/composer": "1.6.* || ^2.0",
                "composer/semver": "^1 || ^3",
                "phpstan/phpstan": "^0.12.55",
                "phpstan/phpstan-phpunit": "^0.12.16",
                "symfony/phpunit-bridge": "^5.3",
                "symfony/process": "^5"
            },
            "type": "composer-plugin",
            "extra": {
                "class": "Composer\\Installers\\Plugin",
                "branch-alias": {
                    "dev-main": "2.x-dev"
                },
                "plugin-modifies-install-path": true
            },
            "autoload": {
                "psr-4": {
                    "Composer\\Installers\\": "src/Composer/Installers"
                }
            },
            "notification-url": "https://packagist.org/downloads/",
            "license": [
                "MIT"
            ],
            "authors": [
                {
                    "name": "Kyle Robinson Young",
                    "email": "kyle@dontkry.com",
                    "homepage": "https://github.com/shama"
                }
            ],
            "description": "A multi-framework Composer library installer",
            "homepage": "https://composer.github.io/installers/",
            "keywords": [
                "Dolibarr",
                "Eliasis",
                "Hurad",
                "ImageCMS",
                "Kanboard",
                "Lan Management System",
                "MODX Evo",
                "MantisBT",
                "Mautic",
                "Maya",
                "OXID",
                "Plentymarkets",
                "Porto",
                "RadPHP",
                "SMF",
                "Starbug",
                "Thelia",
                "Whmcs",
                "WolfCMS",
                "agl",
                "annotatecms",
                "attogram",
                "bitrix",
                "cakephp",
                "chef",
                "cockpit",
                "codeigniter",
                "concrete5",
                "croogo",
                "dokuwiki",
                "drupal",
                "eZ Platform",
                "elgg",
                "expressionengine",
                "fuelphp",
                "grav",
                "installer",
                "itop",
                "known",
                "kohana",
                "laravel",
                "lavalite",
                "lithium",
                "magento",
                "majima",
                "mako",
                "mediawiki",
                "miaoxing",
                "modulework",
                "modx",
                "moodle",
                "osclass",
                "pantheon",
                "phpbb",
                "piwik",
                "ppi",
                "processwire",
                "puppet",
                "pxcms",
                "reindex",
                "roundcube",
                "shopware",
                "silverstripe",
                "sydes",
                "sylius",
                "tastyigniter",
                "wordpress",
                "yawik",
                "zend",
                "zikula"
            ],
            "support": {
                "issues": "https://github.com/composer/installers/issues",
                "source": "https://github.com/composer/installers/tree/v2.1.1"
            },
            "funding": [
                {
                    "url": "https://packagist.com",
                    "type": "custom"
                },
                {
                    "url": "https://github.com/composer",
                    "type": "github"
                },
                {
                    "url": "https://tidelift.com/funding/github/packagist/composer/composer",
                    "type": "tidelift"
                }
            ],
            "time": "2022-04-13T09:13:00+00:00"
        },
        {
            "name": "pantheon-systems/pantheon-edge-integrations",
            "version": "v1.1.0-alpha1",
            "source": {
                "type": "git",
                "url": "https://github.com/pantheon-systems/pantheon-edge-integrations.git",
                "reference": "529b95b0759efe3dc80532d005ccc87a7c41abd1"
            },
            "dist": {
                "type": "zip",
                "url": "https://api.github.com/repos/pantheon-systems/pantheon-edge-integrations/zipball/529b95b0759efe3dc80532d005ccc87a7c41abd1",
                "reference": "529b95b0759efe3dc80532d005ccc87a7c41abd1",
                "shasum": ""
            },
            "require-dev": {
                "phpunit/phpunit": "^9.5",
                "squizlabs/php_codesniffer": "^3.6"
            },
            "type": "library",
            "autoload": {
                "psr-4": {
                    "Pantheon\\EI\\": "src"
                },
                "classmap": [
                    "src/"
                ]
            },
            "notification-url": "https://packagist.org/downloads/",
            "license": [
                "MIT"
            ],
            "description": "Helper class for content personalization.",
            "support": {
                "issues": "https://github.com/pantheon-systems/pantheon-edge-integrations/issues",
                "source": "https://github.com/pantheon-systems/pantheon-edge-integrations/tree/v1.1.0-alpha1"
            },
            "time": "2022-06-01T21:29:18+00:00"
        },
        {
            "name": "pantheon-systems/pantheon-wordpress-edge-integrations",
            "version": "0.3.0-alpha1",
            "source": {
                "type": "git",
                "url": "https://github.com/pantheon-systems/pantheon-wordpress-edge-integrations.git",
                "reference": "2872a1d60ac21a1c3bb07f2d8253d3718597604c"
            },
            "dist": {
                "type": "zip",
                "url": "https://api.github.com/repos/pantheon-systems/pantheon-wordpress-edge-integrations/zipball/2872a1d60ac21a1c3bb07f2d8253d3718597604c",
                "reference": "2872a1d60ac21a1c3bb07f2d8253d3718597604c",
                "shasum": ""
            },
            "require": {
                "pantheon-systems/pantheon-edge-integrations": "^v1.1.0-alpha1"
            },
            "require-dev": {
                "consolidation/robo": "^3.0",
                "humanmade/coding-standards": "^1.1",
                "phpunit/phpunit": "^9.5",
                "wordpress/wordpress": "dev-master",
                "wp-coding-standards/wpcs": "2.3.0 as 2.2.1"
            },
            "type": "wordpress-plugin",
            "autoload": {
                "files": [
                    "inc/admin.php",
                    "inc/analytics.php",
                    "inc/geo.php",
                    "inc/interest.php",
                    "inc/namespace.php"
                ]
            },
            "notification-url": "https://packagist.org/downloads/",
            "license": [
                "MIT"
            ],
            "description": "WordPress plugin to support Pantheon Edge Integrations and personalization features",
            "support": {
                "issues": "https://github.com/pantheon-systems/pantheon-wordpress-edge-integrations/issues",
                "source": "https://github.com/pantheon-systems/pantheon-wordpress-edge-integrations/tree/0.3.0-alpha1"
            },
            "time": "2022-06-08T16:55:18+00:00"
        }
    ],
    "packages-dev": [],
    "aliases": [],
    "minimum-stability": "dev",
    "stability-flags": [],
    "prefer-stable": true,
    "prefer-lowest": false,
    "platform": [],
    "platform-dev": [],
    "plugin-api-version": "2.2.0"
}
