{
    "_readme": [
        "This file locks the dependencies of your project to a known state",
        "Read more about it at https://getcomposer.org/doc/01-basic-usage.md#installing-dependencies",
        "This file is @generated automatically"
    ],
    "content-hash": "8e6ddb26c37ce446d3a3e81b537da65f",
    "packages": [
        {
            "name": "composer/installers",
            "version": "v2.0.1",
            "source": {
                "type": "git",
                "url": "https://github.com/composer/installers.git",
                "reference": "a241e78aaeb09781f5f5b92ac01ffd13ab43e5e8"
            },
            "dist": {
                "type": "zip",
                "url": "https://api.github.com/repos/composer/installers/zipball/a241e78aaeb09781f5f5b92ac01ffd13ab43e5e8",
                "reference": "a241e78aaeb09781f5f5b92ac01ffd13ab43e5e8",
                "shasum": ""
            },
            "require": {
                "composer-plugin-api": "^1.0 || ^2.0",
                "php": "^7.2 || ^8.0"
            },
            "require-dev": {
                "composer/composer": "1.6.* || ^2.0",
                "composer/semver": "^1 || ^3",
                "phpstan/phpstan": "^0.12.55",
                "phpstan/phpstan-phpunit": "^0.12.16",
                "symfony/phpunit-bridge": "^5.3",
                "symfony/process": "^5"
            },
            "type": "composer-plugin",
            "extra": {
                "class": "Composer\\Installers\\Plugin",
                "branch-alias": {
                    "dev-main": "2.x-dev"
                }
            },
            "autoload": {
                "psr-4": {
                    "Composer\\Installers\\": "src/Composer/Installers"
                }
            },
            "notification-url": "https://packagist.org/downloads/",
            "license": [
                "MIT"
            ],
            "authors": [
                {
                    "name": "Kyle Robinson Young",
                    "email": "kyle@dontkry.com",
                    "homepage": "https://github.com/shama"
                }
            ],
            "description": "A multi-framework Composer library installer",
            "homepage": "https://composer.github.io/installers/",
            "keywords": [
                "Dolibarr",
                "Eliasis",
                "Hurad",
                "ImageCMS",
                "Kanboard",
                "Lan Management System",
                "MODX Evo",
                "MantisBT",
                "Mautic",
                "Maya",
                "OXID",
                "Plentymarkets",
                "Porto",
                "RadPHP",
                "SMF",
                "Starbug",
                "Thelia",
                "Whmcs",
                "WolfCMS",
                "agl",
                "annotatecms",
                "attogram",
                "bitrix",
                "cakephp",
                "chef",
                "cockpit",
                "codeigniter",
                "concrete5",
                "croogo",
                "dokuwiki",
                "drupal",
                "eZ Platform",
                "elgg",
                "expressionengine",
                "fuelphp",
                "grav",
                "installer",
                "itop",
                "known",
                "kohana",
                "laravel",
                "lavalite",
                "lithium",
                "magento",
                "majima",
                "mako",
                "mediawiki",
                "miaoxing",
                "modulework",
                "modx",
                "moodle",
                "osclass",
                "pantheon",
                "phpbb",
                "piwik",
                "ppi",
                "processwire",
                "puppet",
                "pxcms",
                "reindex",
                "roundcube",
                "shopware",
                "silverstripe",
                "sydes",
                "sylius",
                "tastyigniter",
                "wordpress",
                "yawik",
                "zend",
                "zikula"
            ],
            "support": {
                "issues": "https://github.com/composer/installers/issues",
                "source": "https://github.com/composer/installers/tree/v2.0.1"
            },
            "funding": [
                {
                    "url": "https://packagist.com",
                    "type": "custom"
                },
                {
                    "url": "https://github.com/composer",
                    "type": "github"
                },
                {
                    "url": "https://tidelift.com/funding/github/packagist/composer/composer",
                    "type": "tidelift"
                }
            ],
            "time": "2021-09-13T08:21:20+00:00"
        },
        {
            "name": "openeuropa/composer-artifacts",
            "version": "dev-master",
            "source": {
                "type": "git",
                "url": "https://github.com/openeuropa/composer-artifacts.git",
                "reference": "11c0a02c90a854109e73211f3f3759b4a5911f5a"
            },
            "dist": {
                "type": "zip",
                "url": "https://api.github.com/repos/openeuropa/composer-artifacts/zipball/11c0a02c90a854109e73211f3f3759b4a5911f5a",
                "reference": "11c0a02c90a854109e73211f3f3759b4a5911f5a",
                "shasum": ""
            },
            "require": {
                "composer-plugin-api": "^1.1 || ^2.0",
                "php": ">=7.2"
            },
            "require-dev": {
                "composer/composer": "~1.6 || ~2.0",
                "cweagans/composer-patches": "^1.6",
                "openeuropa/code-review": "2.x-dev",
                "phpunit/phpunit": "^7.5"
            },
            "default-branch": true,
            "type": "composer-plugin",
            "extra": {
                "class": "OpenEuropa\\ComposerArtifacts\\Plugin",
                "enable-patching": true,
                "composer-exit-on-patch-failure": true
            },
            "autoload": {
                "psr-4": {
                    "OpenEuropa\\ComposerArtifacts\\": "./src/"
                }
            },
            "notification-url": "https://packagist.org/downloads/",
            "license": [
                "EUPL-1.2"
            ],
            "description": "Composer plugin that allows to download a specified artifact instead of the default package.",
            "keywords": [
                "artifacts",
                "composer-plugin"
            ],
            "support": {
                "issues": "https://github.com/openeuropa/composer-artifacts/issues",
                "source": "https://github.com/openeuropa/composer-artifacts/tree/master"
            },
            "time": "2021-09-08T08:17:51+00:00"
        },
        {
            "name": "pantheon-systems/pantheon-edge-integrations",
            "version": "dev-cp-97--singleton",
            "source": {
                "type": "git",
                "url": "https://github.com/pantheon-systems/pantheon-edge-integrations.git",
                "reference": "1b8a0018148c77be924c9f38adc097010c85cf60"
            },
            "dist": {
                "type": "zip",
                "url": "https://api.github.com/repos/pantheon-systems/pantheon-edge-integrations/zipball/1b8a0018148c77be924c9f38adc097010c85cf60",
                "reference": "1b8a0018148c77be924c9f38adc097010c85cf60",
                "shasum": ""
            },
            "require-dev": {
                "phpunit/phpunit": "^9.5",
                "squizlabs/php_codesniffer": "^3.6"
            },
            "type": "library",
            "autoload": {
                "psr-4": {
                    "Pantheon\\EI\\": "src"
                },
                "classmap": [
                    "src/"
                ]
            },
            "notification-url": "https://packagist.org/downloads/",
            "license": [
                "MIT"
            ],
            "description": "Helper class for content personalization.",
            "support": {
                "issues": "https://github.com/pantheon-systems/pantheon-edge-integrations/issues",
                "source": "https://github.com/pantheon-systems/pantheon-edge-integrations/tree/cp-97--singleton"
            },
            "time": "2022-02-04T18:17:36+00:00"
        },
        {
            "name": "pantheon-systems/pantheon-wordpress-edge-integrations",
            "version": "0.2.2",
            "dist": {
                "type": "zip",
                "url": "https://github.com/pantheon-systems/pantheon-wordpress-edge-integrations/releases/download/0.2.2/main.zip",
                "reference": "da617ae918bf700b4d52ed9abe861964e15cf1ec",
                "shasum": ""
            },
            "require": {
                "pantheon-systems/pantheon-edge-integrations": "dev-cp-97--singleton"
            },
            "require-dev": {
                "consolidation/robo": "^3.0",
                "humanmade/coding-standards": "^1.1",
                "phpunit/phpunit": "^9.5",
                "wordpress/wordpress": "dev-master"
            },
            "type": "wordpress-plugin",
            "autoload": {
                "files": [
                    "inc/geo.php",
                    "inc/interest.php",
                    "inc/namespace.php"
                ]
            },
            "notification-url": "https://packagist.org/downloads/",
            "license": [
                "MIT"
            ],
            "description": "WordPress plugin to support Pantheon Edge Integrations and personalization features",
            "support": {
                "issues": "https://github.com/pantheon-systems/pantheon-wordpress-edge-integrations/issues",
                "source": "https://github.com/pantheon-systems/pantheon-wordpress-edge-integrations/tree/0.2.2"
            },
            "time": "2022-02-15T16:42:46+00:00"
        }
    ],
    "packages-dev": [],
    "aliases": [],
    "minimum-stability": "dev",
    "stability-flags": {
        "openeuropa/composer-artifacts": 20
    },
    "prefer-stable": true,
    "prefer-lowest": false,
    "platform": [],
    "platform-dev": [],
    "plugin-api-version": "2.2.0"
}
